<?xml version="1.0" encoding="utf-8"?>
<Project ToolsVersion="4.0" xmlns="http://schemas.microsoft.com/developer/msbuild/2003">
  <ItemGroup>
    <Filter Include="Source Files">
      <UniqueIdentifier>{4FC737F1-C7A5-4376-A066-2A32D752A2FF}</UniqueIdentifier>
      <Extensions>cpp;c;cc;cxx;c++;cppm;ixx;def;odl;idl;hpj;bat;asm;asmx</Extensions>
    </Filter>
    <Filter Include="Header Files">
      <UniqueIdentifier>{93995380-89BD-4b04-88EB-625FBE52EBFB}</UniqueIdentifier>
      <Extensions>h;hh;hpp;hxx;h++;hm;inl;inc;ipp;xsd</Extensions>
    </Filter>
    <Filter Include="Resource Files">
      <UniqueIdentifier>{67DA6AB6-F800-4c08-8B7A-83BB121AAD01}</UniqueIdentifier>
      <Extensions>rc;ico;cur;bmp;dlg;rc2;rct;bin;rgs;gif;jpg;jpeg;jpe;resx;tiff;tif;png;wav;mfcribbon-ms</Extensions>
    </Filter>
    <Filter Include="Lib">
      <UniqueIdentifier>{e4294408-3e96-4a65-9281-94158763a172}</UniqueIdentifier>
    </Filter>
    <Filter Include="Source Files\Boilerplate">
      <UniqueIdentifier>{39366770-1984-4a7b-954b-924452dcbcfd}</UniqueIdentifier>
    </Filter>
    <Filter Include="Source Files\Utility">
      <UniqueIdentifier>{d72c607c-e30d-4dda-8713-481b442d961d}</UniqueIdentifier>
    </Filter>
    <Filter Include="Lib\HashLib">
      <UniqueIdentifier>{ad97684e-0f49-4f30-9be1-70aebe4b9ff1}</UniqueIdentifier>
    </Filter>
    <Filter Include="Source Files\Identification">
      <UniqueIdentifier>{8109db60-3676-4a0d-bab5-191dae7176af}</UniqueIdentifier>
    </Filter>
    <Filter Include="Source Files\Detection">
      <UniqueIdentifier>{3840af92-8a59-492d-a6a2-00549ed5a65e}</UniqueIdentifier>
    </Filter>
    <Filter Include="Source Files\Network">
      <UniqueIdentifier>{81b8e145-3635-4905-b7e7-6f9bb4da6bc9}</UniqueIdentifier>
    </Filter>
  </ItemGroup>
  <ItemGroup>
    <ClInclude Include="constants.hpp">
      <Filter>Header Files</Filter>
    </ClInclude>
    <ClInclude Include="resource.h">
      <Filter>Header Files</Filter>
    </ClInclude>
    <ClInclude Include="Lib\httplib.hpp">
      <Filter>Lib</Filter>
    </ClInclude>
    <ClInclude Include="Lib\json.hpp">
      <Filter>Lib</Filter>
    </ClInclude>
    <ClInclude Include="context.hpp">
      <Filter>Header Files</Filter>
    </ClInclude>
    <ClInclude Include="pch.hpp">
      <Filter>Header Files</Filter>
    </ClInclude>
    <ClInclude Include="utility.hpp">
      <Filter>Source Files\Utility</Filter>
    </ClInclude>
    <ClInclude Include="Lib\hash-library\sha256.hpp">
      <Filter>Lib\HashLib</Filter>
    </ClInclude>
    <ClInclude Include="identification.hpp">
      <Filter>Source Files\Identification</Filter>
    </ClInclude>
    <ClInclude Include="detection.hpp">
      <Filter>Source Files\Detection</Filter>
    </ClInclude>
    <ClInclude Include="heartbeat.hpp">
      <Filter>Source Files\Network</Filter>
    </ClInclude>
    <ClInclude Include="server.hpp">
      <Filter>Source Files\Network</Filter>
    </ClInclude>
  </ItemGroup>
  <ItemGroup>
    <ClCompile Include="flashpoint.cpp">
      <Filter>Source Files</Filter>
    </ClCompile>
    <ClCompile Include="pch.cpp">
      <Filter>Source Files\Boilerplate</Filter>
    </ClCompile>
    <ClCompile Include="utility.cpp">
      <Filter>Source Files\Utility</Filter>
    </ClCompile>
    <ClCompile Include="Lib\hash-library\sha256.cpp">
      <Filter>Lib\HashLib</Filter>
    </ClCompile>
    <ClCompile Include="identification.cpp">
      <Filter>Source Files\Identification</Filter>
    </ClCompile>
    <ClCompile Include="detection.cpp">
      <Filter>Source Files\Detection</Filter>
    </ClCompile>
    <ClCompile Include="heartbeat.cpp">
      <Filter>Source Files\Network</Filter>
    </ClCompile>
    <ClCompile Include="server.cpp">
      <Filter>Source Files\Network</Filter>
    </ClCompile>
  </ItemGroup>
  <ItemGroup>
    <ResourceCompile Include="Quack-client.rc">
      <Filter>Resource Files</Filter>
    </ResourceCompile>
  </ItemGroup>
  <ItemGroup>
    <Image Include="Res\32.ico">
      <Filter>Resource Files</Filter>
    </Image>
  </ItemGroup>
</Project>