<?xml version="1.0" encoding="utf-8"?>
<Project ToolsVersion="4.0" xmlns="http://schemas.microsoft.com/developer/msbuild/2003">
  <ItemGroup>
    <Filter Include="Source Files">
      <UniqueIdentifier>{4FC737F1-C7A5-4376-A066-2A32D752A2FF}</UniqueIdentifier>
      <Extensions>cpp;c;cc;cxx;c++;cppm;ixx;def;odl;idl;hpj;bat;asm;asmx</Extensions>
    </Filter>
    <Filter Include="Header Files">
      <UniqueIdentifier>{93995380-89BD-4b04-88EB-625FBE52EBFB}</UniqueIdentifier>
      <Extensions>h;hh;hpp;hxx;h++;hm;inl;inc;ipp;xsd</Extensions>
    </Filter>
    <Filter Include="Resource Files">
      <UniqueIdentifier>{67DA6AB6-F800-4c08-8B7A-83BB121AAD01}</UniqueIdentifier>
      <Extensions>rc;ico;cur;bmp;dlg;rc2;rct;bin;rgs;gif;jpg;jpeg;jpe;resx;tiff;tif;png;wav;mfcribbon-ms</Extensions>
    </Filter>
    <Filter Include="Lib">
      <UniqueIdentifier>{f1d2b709-ee74-4512-bc5b-058abf69a011}</UniqueIdentifier>
    </Filter>
  </ItemGroup>
  <ItemGroup>
    <ClInclude Include="framework.hpp">
      <Filter>Header Files</Filter>
    </ClInclude>
    <ClInclude Include="pch.hpp">
      <Filter>Header Files</Filter>
    </ClInclude>
    <ClInclude Include="flashpoint.hpp">
      <Filter>Source Files</Filter>
    </ClInclude>
    <ClInclude Include="..\..\Lib\smbios.hpp">
      <Filter>Lib</Filter>
    </ClInclude>
    <ClInclude Include="..\..\Lib\Quack-shared\hardware_id.hpp">
      <Filter>Lib</Filter>
    </ClInclude>
    <ClInclude Include="..\..\Lib\hash-library\sha256.hpp">
      <Filter>Lib</Filter>
    </ClInclude>
    <ClInclude Include="..\..\Lib\Quack-shared\config.hpp">
      <Filter>Source Files</Filter>
    </ClInclude>
  </ItemGroup>
  <ItemGroup>
    <ClCompile Include="dllmain.cpp">
      <Filter>Source Files</Filter>
    </ClCompile>
    <ClCompile Include="pch.cpp">
      <Filter>Source Files</Filter>
    </ClCompile>
    <ClCompile Include="flashpoint.cpp">
      <Filter>Source Files</Filter>
    </ClCompile>
    <ClCompile Include="..\..\Lib\smbios.cpp">
      <Filter>Lib</Filter>
    </ClCompile>
    <ClCompile Include="..\..\Lib\Quack-shared\hardware_id.cpp">
      <Filter>Lib</Filter>
    </ClCompile>
    <ClCompile Include="..\..\Lib\hash-library\sha256.cpp">
      <Filter>Lib</Filter>
    </ClCompile>
  </ItemGroup>
</Project>